
Microsoft Visual Studio Solution File, Format Version 12.00
# Visual Studio Version 17
VisualStudioVersion = 17.0.32112.339
MinimumVisualStudioVersion = 10.0.40219.1
Project("{9A19103F-16F7-4668-BE54-9A1E7A4F7556}") = "Modis.ConsoleApp", "src\Modis.ConsoleApp\Modis.ConsoleApp.csproj", "{BAAB71E5-2DD9-4389-BD8C-F6FE4627E8A9}"
EndProject
Project("{9A19103F-16F7-4668-BE54-9A1E7A4F7556}") = "Modis.TwitterClient", "src\Modis.TwitterClient\Modis.TwitterClient.csproj", "{AE8DCEE9-8BAF-4A4B-8F5E-C55B7D66D058}"
EndProject
Project("{9A19103F-16F7-4668-BE54-9A1E7A4F7556}") = "Modis.TwitterClient.Abstractions", "src\Modis.TwitterClient.Abstractions\Modis.TwitterClient.Abstractions.csproj", "{87152375-B0C7-4AC3-9226-9EB709B9936C}"
EndProject
Project("{9A19103F-16F7-4668-BE54-9A1E7A4F7556}") = "Modis.Twitter.Domain", "src\Modis.Twitter.Domain\Modis.Twitter.Domain.csproj", "{DDC9D22D-4B6F-41D9-BADE-67AB76B4E906}"
EndProject
Project("{FAE04EC0-301F-11D3-BF4B-00C04F79EFBC}") = "Modis.Twitter.Domain.Abstractions", "src\Modis.Twitter.Domain.Abstractions\Modis.Twitter.Domain.Abstractions.csproj", "{BA314846-A747-42AA-9A8B-E1D20009D0D2}"
EndProject
Global
	GlobalSection(SolutionConfigurationPlatforms) = preSolution
		Debug|Any CPU = Debug|Any CPU
		Release|Any CPU = Release|Any CPU
	EndGlobalSection
	GlobalSection(ProjectConfigurationPlatforms) = postSolution
		{BAAB71E5-2DD9-4389-BD8C-F6FE4627E8A9}.Debug|Any CPU.ActiveCfg = Debug|Any CPU
		{BAAB71E5-2DD9-4389-BD8C-F6FE4627E8A9}.Debug|Any CPU.Build.0 = Debug|Any CPU
		{BAAB71E5-2DD9-4389-BD8C-F6FE4627E8A9}.Release|Any CPU.ActiveCfg = Release|Any CPU
		{BAAB71E5-2DD9-4389-BD8C-F6FE4627E8A9}.Release|Any CPU.Build.0 = Release|Any CPU
		{AE8DCEE9-8BAF-4A4B-8F5E-C55B7D66D058}.Debug|Any CPU.ActiveCfg = Debug|Any CPU
		{AE8DCEE9-8BAF-4A4B-8F5E-C55B7D66D058}.Debug|Any CPU.Build.0 = Debug|Any CPU
		{AE8DCEE9-8BAF-4A4B-8F5E-C55B7D66D058}.Release|Any CPU.ActiveCfg = Release|Any CPU
		{AE8DCEE9-8BAF-4A4B-8F5E-C55B7D66D058}.Release|Any CPU.Build.0 = Release|Any CPU
		{87152375-B0C7-4AC3-9226-9EB709B9936C}.Debug|Any CPU.ActiveCfg = Debug|Any CPU
		{87152375-B0C7-4AC3-9226-9EB709B9936C}.Debug|Any CPU.Build.0 = Debug|Any CPU
		{87152375-B0C7-4AC3-9226-9EB709B9936C}.Release|Any CPU.ActiveCfg = Release|Any CPU
		{87152375-B0C7-4AC3-9226-9EB709B9936C}.Release|Any CPU.Build.0 = Release|Any CPU
		{DDC9D22D-4B6F-41D9-BADE-67AB76B4E906}.Debug|Any CPU.ActiveCfg = Debug|Any CPU
		{DDC9D22D-4B6F-41D9-BADE-67AB76B4E906}.Debug|Any CPU.Build.0 = Debug|Any CPU
		{DDC9D22D-4B6F-41D9-BADE-67AB76B4E906}.Release|Any CPU.ActiveCfg = Release|Any CPU
		{DDC9D22D-4B6F-41D9-BADE-67AB76B4E906}.Release|Any CPU.Build.0 = Release|Any CPU
		{BA314846-A747-42AA-9A8B-E1D20009D0D2}.Debug|Any CPU.ActiveCfg = Debug|Any CPU
		{BA314846-A747-42AA-9A8B-E1D20009D0D2}.Debug|Any CPU.Build.0 = Debug|Any CPU
		{BA314846-A747-42AA-9A8B-E1D20009D0D2}.Release|Any CPU.ActiveCfg = Release|Any CPU
		{BA314846-A747-42AA-9A8B-E1D20009D0D2}.Release|Any CPU.Build.0 = Release|Any CPU
	EndGlobalSection
	GlobalSection(SolutionProperties) = preSolution
		HideSolutionNode = FALSE
	EndGlobalSection
	GlobalSection(ExtensibilityGlobals) = postSolution
		SolutionGuid = {784EA541-214E-4C0C-A031-8587AC0F9307}
	EndGlobalSection
EndGlobal
